{
  "version": 4,
  "terraform_version": "1.12.2",
  "serial": 29,
  "lineage": "8769b54b-06ed-1d32-f08d-d5116454a3d7",
  "outputs": {
    "bigquery_dataset": {
      "value": "northwind_dataset",
      "type": "string"
    },
    "function_uri": {
      "value": "https://etl-northwind-jgkzlg24aa-uc.a.run.app",
      "type": "string"
    }
  },
  "resources": [
    {
      "mode": "data",
      "type": "archive_file",
      "name": "function_zip",
      "provider": "provider[\"registry.terraform.io/hashicorp/archive\"]",
      "instances": [
        {
          "schema_version": 0,
          "attributes": {
            "exclude_symlink_directories": null,
            "excludes": [
              "*.pyc",
              "*.sql",
              ".env",
              "__pycache__"
            ],
            "id": "64870d7adc55189e106180c1780f7d40bcca4cb4",
            "output_base64sha256": "8K2wp4vjBr8gAgSooydjD9a+KDTJRunw4CamRvZ//Dg=",
            "output_base64sha512": "xz0UENvLTJKiJYh1IQUJ4CFfhmAz15ut7sJ+jDearBv4pT2tofU0oKzRwixVe5gz8Q2F0V5fDG0gc6UaaT6Z6w==",
            "output_file_mode": null,
            "output_md5": "05b746d3da6ac93b06313a1f9544aa95",
            "output_path": "./function.zip",
            "output_sha": "64870d7adc55189e106180c1780f7d40bcca4cb4",
            "output_sha256": "f0adb0a78be306bf200204a8a327630fd6be2834c946e9f0e026a646f67ffc38",
            "output_sha512": "c73d1410dbcb4c92a2258875210509e0215f866033d79badeec27e8c379aac1bf8a53dada1f534a0acd1c22c557b9833f10d85d15e5f0c6d2073a51a693e99eb",
            "output_size": 3378,
            "source": [],
            "source_content": null,
            "source_content_filename": null,
            "source_dir": "./../ETL",
            "source_file": null,
            "type": "zip"
          },
          "sensitive_attributes": [],
          "identity_schema_version": 0
        }
      ]
    },
    {
      "mode": "data",
      "type": "google_bigquery_dataset",
      "name": "northwind",
      "provider": "provider[\"registry.terraform.io/hashicorp/google\"]",
      "instances": [
        {
          "schema_version": 0,
          "attributes": {
            "access": [
              {
                "dataset": [],
                "domain": "",
                "group_by_email": "",
                "iam_member": "",
                "role": "OWNER",
                "routine": [],
                "special_group": "",
                "user_by_email": "francodomino2024@gmail.com",
                "view": []
              },
              {
                "dataset": [],
                "domain": "",
                "group_by_email": "",
                "iam_member": "",
                "role": "OWNER",
                "routine": [],
                "special_group": "projectOwners",
                "user_by_email": "",
                "view": []
              },
              {
                "dataset": [],
                "domain": "",
                "group_by_email": "",
                "iam_member": "",
                "role": "READER",
                "routine": [],
                "special_group": "projectReaders",
                "user_by_email": "",
                "view": []
              },
              {
                "dataset": [],
                "domain": "",
                "group_by_email": "",
                "iam_member": "",
                "role": "WRITER",
                "routine": [],
                "special_group": "projectWriters",
                "user_by_email": "",
                "view": []
              }
            ],
            "creation_time": 2017729736,
            "dataset_id": "northwind_dataset",
            "default_collation": "",
            "default_encryption_configuration": [],
            "default_partition_expiration_ms": 0,
            "default_table_expiration_ms": 0,
            "delete_contents_on_destroy": false,
            "description": "",
            "effective_labels": {},
            "etag": "9UNVfgprs96yHdL+qSZZAQ==",
            "external_dataset_reference": [],
            "friendly_name": "",
            "id": "projects/database-proyecto-473020/datasets/northwind_dataset",
            "is_case_insensitive": false,
            "labels": {},
            "last_modified_time": 2017729736,
            "location": "US",
            "max_time_travel_hours": "168",
            "project": "database-proyecto-473020",
            "resource_tags": {},
            "self_link": "https://bigquery.googleapis.com/bigquery/v2/projects/database-proyecto-473020/datasets/northwind_dataset",
            "storage_billing_model": "",
            "terraform_labels": {}
          },
          "sensitive_attributes": [],
          "identity_schema_version": 0
        }
      ]
    },
    {
      "mode": "managed",
      "type": "google_cloudfunctions_function",
      "name": "etl_function",
      "provider": "provider[\"registry.terraform.io/hashicorp/google\"]",
      "instances": [
        {
          "status": "tainted",
          "schema_version": 0,
          "attributes": {
            "available_memory_mb": 512,
            "build_environment_variables": null,
            "build_service_account": null,
            "build_worker_pool": null,
            "description": "ETL Northwind - Proyecto práctico minimalista",
            "docker_registry": null,
            "docker_repository": null,
            "effective_labels": null,
            "entry_point": "etl_entrypoint",
            "environment_variables": {
              "DATASET_ID": "northwind_dataset",
              "DB_HOST": "34.132.149.121",
              "DB_NAME": "northwind",
              "DB_PASS": "Madrid21",
              "DB_USER": "postgres",
              "PROJECT_ID": "database-proyecto-473020",
              "TABLE_ID": "sales_summary"
            },
            "event_trigger": null,
            "https_trigger_security_level": null,
            "https_trigger_url": null,
            "id": "projects/database-proyecto-473020/locations/us-central1/functions/etl-northwind",
            "ingress_settings": "ALLOW_ALL",
            "kms_key_name": null,
            "labels": null,
            "max_instances": null,
            "min_instances": null,
            "name": "etl-northwind",
            "project": "database-proyecto-473020",
            "region": "us-central1",
            "runtime": "python312",
            "secret_environment_variables": [],
            "secret_volumes": [],
            "service_account_email": null,
            "source_archive_bucket": "northwind-backup-473020",
            "source_archive_object": "etl-05b746d3da6ac93b06313a1f9544aa95.zip",
            "source_repository": [],
            "status": null,
            "terraform_labels": null,
            "timeout": 300,
            "timeouts": null,
            "trigger_http": true,
            "version_id": null,
            "vpc_connector": null,
            "vpc_connector_egress_settings": null
          },
          "sensitive_attributes": [
            [
              {
                "type": "get_attr",
                "value": "environment_variables"
              },
              {
                "type": "index",
                "value": {
                  "value": "DB_PASS",
                  "type": "string"
                }
              }
            ]
          ],
          "identity_schema_version": 0,
          "private": "eyJlMmJmYjczMC1lY2FhLTExZTYtOGY4OC0zNDM2M2JjN2M0YzAiOnsiY3JlYXRlIjozMDAwMDAwMDAwMDAsImRlbGV0ZSI6MzAwMDAwMDAwMDAwLCJyZWFkIjozMDAwMDAwMDAwMDAsInVwZGF0ZSI6MzAwMDAwMDAwMDAwfX0=",
          "dependencies": [
            "data.archive_file.function_zip",
            "google_storage_bucket.function_bucket",
            "google_storage_bucket_object.function_archive"
          ]
        }
      ]
    },
    {
      "mode": "managed",
      "type": "google_storage_bucket",
      "name": "function_bucket",
      "provider": "provider[\"registry.terraform.io/hashicorp/google\"]",
      "instances": [
        {
          "schema_version": 2,
          "attributes": {
            "autoclass": [],
            "cors": [],
            "custom_placement_config": [],
            "default_event_based_hold": false,
            "effective_labels": {},
            "enable_object_retention": false,
            "encryption": [],
            "force_destroy": false,
            "id": "northwind-backup-473020",
            "labels": {},
            "lifecycle_rule": [],
            "location": "US",
            "logging": [],
            "name": "northwind-backup-473020",
            "project": "database-proyecto-473020",
            "project_number": 1346641517,
            "public_access_prevention": "inherited",
            "requester_pays": false,
            "retention_policy": [],
            "rpo": "DEFAULT",
            "self_link": "https://www.googleapis.com/storage/v1/b/northwind-backup-473020",
            "soft_delete_policy": [
              {
                "effective_time": "2025-09-29T13:01:47.362Z",
                "retention_duration_seconds": 604800
              }
            ],
            "storage_class": "STANDARD",
            "terraform_labels": {},
            "timeouts": null,
            "uniform_bucket_level_access": false,
            "url": "gs://northwind-backup-473020",
            "versioning": [],
            "website": []
          },
          "sensitive_attributes": [],
          "identity_schema_version": 0,
          "private": "eyJlMmJmYjczMC1lY2FhLTExZTYtOGY4OC0zNDM2M2JjN2M0YzAiOnsiY3JlYXRlIjo2MDAwMDAwMDAwMDAsInJlYWQiOjI0MDAwMDAwMDAwMCwidXBkYXRlIjoyNDAwMDAwMDAwMDB9LCJzY2hlbWFfdmVyc2lvbiI6IjIifQ=="
        }
      ]
    },
    {
      "mode": "managed",
      "type": "google_storage_bucket_object",
      "name": "function_archive",
      "provider": "provider[\"registry.terraform.io/hashicorp/google\"]",
      "instances": [
        {
          "schema_version": 0,
          "attributes": {
            "bucket": "northwind-backup-473020",
            "cache_control": "",
            "content": null,
            "content_disposition": "",
            "content_encoding": "",
            "content_language": "",
            "content_type": "application/zip",
            "crc32c": "mchY7Q==",
            "customer_encryption": [],
            "detect_md5hash": "BbdG09pqyTsGMToflUSqlQ==",
            "event_based_hold": false,
            "generation": 1427174038,
            "id": "northwind-backup-473020-etl-05b746d3da6ac93b06313a1f9544aa95.zip",
            "kms_key_name": "",
            "md5hash": "BbdG09pqyTsGMToflUSqlQ==",
            "media_link": "https://storage.googleapis.com/download/storage/v1/b/northwind-backup-473020/o/etl-05b746d3da6ac93b06313a1f9544aa95.zip?generation=1759172786975382\u0026alt=media",
            "metadata": null,
            "name": "etl-05b746d3da6ac93b06313a1f9544aa95.zip",
            "output_name": "etl-05b746d3da6ac93b06313a1f9544aa95.zip",
            "retention": [],
            "self_link": "https://www.googleapis.com/storage/v1/b/northwind-backup-473020/o/etl-05b746d3da6ac93b06313a1f9544aa95.zip",
            "source": "./function.zip",
            "storage_class": "STANDARD",
            "temporary_hold": false,
            "timeouts": null
          },
          "sensitive_attributes": [
            [
              {
                "type": "get_attr",
                "value": "content"
              }
            ]
          ],
          "identity_schema_version": 0,
          "private": "eyJlMmJmYjczMC1lY2FhLTExZTYtOGY4OC0zNDM2M2JjN2M0YzAiOnsiY3JlYXRlIjoyNDAwMDAwMDAwMDAsImRlbGV0ZSI6MjQwMDAwMDAwMDAwLCJ1cGRhdGUiOjI0MDAwMDAwMDAwMH19",
          "dependencies": [
            "data.archive_file.function_zip",
            "google_storage_bucket.function_bucket"
          ]
        }
      ]
    }
  ],
  "check_results": null
}
