{
  "version": 4,
  "terraform_version": "1.12.2",
  "serial": 34,
  "lineage": "8769b54b-06ed-1d32-f08d-d5116454a3d7",
  "outputs": {
    "bigquery_dataset": {
      "value": "northwind_dataset",
      "type": "string"
    },
    "function_uri": {
      "value": "https://etl-northwind-jgkzlg24aa-uc.a.run.app",
      "type": "string"
    }
  },
  "resources": [
    {
      "mode": "data",
      "type": "archive_file",
      "name": "function_zip",
      "provider": "provider[\"registry.terraform.io/hashicorp/archive\"]",
      "instances": [
        {
          "schema_version": 0,
          "attributes": {
            "exclude_symlink_directories": null,
            "excludes": [
              "*.pyc",
              "*.sql",
              ".env",
              "__pycache__"
            ],
            "id": "7862b1d7c246e04a13d6aef0c96ab3c98ed3da73",
            "output_base64sha256": "Mz2Q3DaLn+w3NZ8AghdinIheVOnLapbsN3GsM8usrOQ=",
            "output_base64sha512": "KIJ0A8AgtMK3tw1c450FJBXaPScbo40j4rAvenQ72J3NKEMl/pzDCpxcAKcBSmrf9AIjOeHVHB4PQ93RWdvPdA==",
            "output_file_mode": null,
            "output_md5": "fd1a111adad3cb43e6fe5bc01441ecb1",
            "output_path": "./function.zip",
            "output_sha": "7862b1d7c246e04a13d6aef0c96ab3c98ed3da73",
            "output_sha256": "333d90dc368b9fec37359f008217629c885e54e9cb6a96ec3771ac33cbacace4",
            "output_sha512": "28827403c020b4c2b7b70d5ce39d052415da3d271ba38d23e2b02f7a743bd89dcd284325fe9cc30a9c5c00a7014a6adff4022339e1d51c1e0f43ddd159dbcf74",
            "output_size": 3260,
            "source": [],
            "source_content": null,
            "source_content_filename": null,
            "source_dir": "./../ETL",
            "source_file": null,
            "type": "zip"
          },
          "sensitive_attributes": [],
          "identity_schema_version": 0
        }
      ]
    },
    {
      "mode": "data",
      "type": "google_bigquery_dataset",
      "name": "northwind",
      "provider": "provider[\"registry.terraform.io/hashicorp/google\"]",
      "instances": [
        {
          "schema_version": 0,
          "attributes": {
            "access": [
              {
                "dataset": [],
                "domain": "",
                "group_by_email": "",
                "iam_member": "",
                "role": "OWNER",
                "routine": [],
                "special_group": "",
                "user_by_email": "francodomino2024@gmail.com",
                "view": []
              },
              {
                "dataset": [],
                "domain": "",
                "group_by_email": "",
                "iam_member": "",
                "role": "OWNER",
                "routine": [],
                "special_group": "projectOwners",
                "user_by_email": "",
                "view": []
              },
              {
                "dataset": [],
                "domain": "",
                "group_by_email": "",
                "iam_member": "",
                "role": "READER",
                "routine": [],
                "special_group": "projectReaders",
                "user_by_email": "",
                "view": []
              },
              {
                "dataset": [],
                "domain": "",
                "group_by_email": "",
                "iam_member": "",
                "role": "WRITER",
                "routine": [],
                "special_group": "projectWriters",
                "user_by_email": "",
                "view": []
              }
            ],
            "creation_time": 2017729736,
            "dataset_id": "northwind_dataset",
            "default_collation": "",
            "default_encryption_configuration": [],
            "default_partition_expiration_ms": 0,
            "default_table_expiration_ms": 0,
            "delete_contents_on_destroy": false,
            "description": "",
            "effective_labels": {},
            "etag": "9UNVfgprs96yHdL+qSZZAQ==",
            "external_dataset_reference": [],
            "friendly_name": "",
            "id": "projects/database-proyecto-473020/datasets/northwind_dataset",
            "is_case_insensitive": false,
            "labels": {},
            "last_modified_time": 2017729736,
            "location": "US",
            "max_time_travel_hours": "168",
            "project": "database-proyecto-473020",
            "resource_tags": {},
            "self_link": "https://bigquery.googleapis.com/bigquery/v2/projects/database-proyecto-473020/datasets/northwind_dataset",
            "storage_billing_model": "",
            "terraform_labels": {}
          },
          "sensitive_attributes": [],
          "identity_schema_version": 0
        }
      ]
    },
    {
      "mode": "managed",
      "type": "google_cloudfunctions2_function",
      "name": "etl_function",
      "provider": "provider[\"registry.terraform.io/hashicorp/google\"]",
      "instances": [
        {
          "status": "tainted",
          "schema_version": 0,
          "attributes": {
            "build_config": [
              {
                "automatic_update_policy": [],
                "build": "",
                "docker_repository": "",
                "entry_point": "etl_entrypoint",
                "environment_variables": {},
                "on_deploy_update_policy": [],
                "runtime": "python312",
                "service_account": "",
                "source": [
                  {
                    "repo_source": [],
                    "storage_source": [
                      {
                        "bucket": "northwind-backup-473020",
                        "generation": 0,
                        "object": "etl-fd1a111adad3cb43e6fe5bc01441ecb1.zip"
                      }
                    ]
                  }
                ],
                "worker_pool": ""
              }
            ],
            "description": "ETL Northwind - Proyecto práctico minimalista",
            "effective_labels": null,
            "environment": null,
            "event_trigger": [],
            "id": "projects/database-proyecto-473020/locations/us-central1/functions/etl-northwind",
            "kms_key_name": null,
            "labels": null,
            "location": "us-central1",
            "name": "etl-northwind",
            "project": "database-proyecto-473020",
            "service_config": [
              {
                "all_traffic_on_latest_revision": true,
                "available_cpu": "",
                "available_memory": "512Mi",
                "environment_variables": {
                  "DATASET_ID": "northwind_dataset",
                  "DB_HOST": "34.132.149.121",
                  "DB_NAME": "northwind",
                  "DB_PASS": "Madrid21",
                  "DB_USER": "postgres",
                  "PROJECT_ID": "database-proyecto-473020",
                  "TABLE_ID": "sales_summary"
                },
                "gcf_uri": "",
                "ingress_settings": "ALLOW_ALL",
                "max_instance_count": 0,
                "max_instance_request_concurrency": 0,
                "min_instance_count": 0,
                "secret_environment_variables": [],
                "secret_volumes": [],
                "service": "",
                "service_account_email": "",
                "timeout_seconds": 300,
                "uri": "",
                "vpc_connector": "",
                "vpc_connector_egress_settings": ""
              }
            ],
            "state": null,
            "terraform_labels": null,
            "timeouts": {
              "create": "20m",
              "delete": null,
              "update": "20m"
            },
            "update_time": null,
            "url": null
          },
          "sensitive_attributes": [
            [
              {
                "type": "get_attr",
                "value": "service_config"
              },
              {
                "type": "index",
                "value": {
                  "value": 0,
                  "type": "number"
                }
              },
              {
                "type": "get_attr",
                "value": "environment_variables"
              },
              {
                "type": "index",
                "value": {
                  "value": "DB_PASS",
                  "type": "string"
                }
              }
            ]
          ],
          "identity_schema_version": 0,
          "private": "eyJlMmJmYjczMC1lY2FhLTExZTYtOGY4OC0zNDM2M2JjN2M0YzAiOnsiY3JlYXRlIjoxMjAwMDAwMDAwMDAwLCJkZWxldGUiOjM2MDAwMDAwMDAwMDAsInVwZGF0ZSI6MTIwMDAwMDAwMDAwMH19",
          "dependencies": [
            "data.archive_file.function_zip",
            "google_storage_bucket.function_bucket",
            "google_storage_bucket_object.function_archive"
          ]
        }
      ]
    },
    {
      "mode": "managed",
      "type": "google_storage_bucket",
      "name": "function_bucket",
      "provider": "provider[\"registry.terraform.io/hashicorp/google\"]",
      "instances": [
        {
          "schema_version": 2,
          "attributes": {
            "autoclass": [],
            "cors": [],
            "custom_placement_config": [],
            "default_event_based_hold": false,
            "effective_labels": {},
            "enable_object_retention": false,
            "encryption": [],
            "force_destroy": false,
            "id": "northwind-backup-473020",
            "labels": {},
            "lifecycle_rule": [],
            "location": "US",
            "logging": [],
            "name": "northwind-backup-473020",
            "project": "database-proyecto-473020",
            "project_number": 1346641517,
            "public_access_prevention": "inherited",
            "requester_pays": false,
            "retention_policy": [],
            "rpo": "DEFAULT",
            "self_link": "https://www.googleapis.com/storage/v1/b/northwind-backup-473020",
            "soft_delete_policy": [
              {
                "effective_time": "2025-09-29T13:01:47.362Z",
                "retention_duration_seconds": 604800
              }
            ],
            "storage_class": "STANDARD",
            "terraform_labels": {},
            "timeouts": null,
            "uniform_bucket_level_access": false,
            "url": "gs://northwind-backup-473020",
            "versioning": [],
            "website": []
          },
          "sensitive_attributes": [],
          "identity_schema_version": 0,
          "private": "eyJlMmJmYjczMC1lY2FhLTExZTYtOGY4OC0zNDM2M2JjN2M0YzAiOnsiY3JlYXRlIjo2MDAwMDAwMDAwMDAsInJlYWQiOjI0MDAwMDAwMDAwMCwidXBkYXRlIjoyNDAwMDAwMDAwMDB9LCJzY2hlbWFfdmVyc2lvbiI6IjIifQ=="
        }
      ]
    },
    {
      "mode": "managed",
      "type": "google_storage_bucket_object",
      "name": "function_archive",
      "provider": "provider[\"registry.terraform.io/hashicorp/google\"]",
      "instances": [
        {
          "schema_version": 0,
          "attributes": {
            "bucket": "northwind-backup-473020",
            "cache_control": "",
            "content": null,
            "content_disposition": "",
            "content_encoding": "",
            "content_language": "",
            "content_type": "application/zip",
            "crc32c": "lDoReA==",
            "customer_encryption": [],
            "detect_md5hash": "/RoRGtrTy0Pm/lvAFEHssQ==",
            "event_based_hold": false,
            "generation": -1574709462,
            "id": "northwind-backup-473020-etl-fd1a111adad3cb43e6fe5bc01441ecb1.zip",
            "kms_key_name": "",
            "md5hash": "/RoRGtrTy0Pm/lvAFEHssQ==",
            "media_link": "https://storage.googleapis.com/download/storage/v1/b/northwind-backup-473020/o/etl-fd1a111adad3cb43e6fe5bc01441ecb1.zip?generation=1759174080059178\u0026alt=media",
            "metadata": null,
            "name": "etl-fd1a111adad3cb43e6fe5bc01441ecb1.zip",
            "output_name": "etl-fd1a111adad3cb43e6fe5bc01441ecb1.zip",
            "retention": [],
            "self_link": "https://www.googleapis.com/storage/v1/b/northwind-backup-473020/o/etl-fd1a111adad3cb43e6fe5bc01441ecb1.zip",
            "source": "./function.zip",
            "storage_class": "STANDARD",
            "temporary_hold": false,
            "timeouts": null
          },
          "sensitive_attributes": [
            [
              {
                "type": "get_attr",
                "value": "content"
              }
            ]
          ],
          "identity_schema_version": 0,
          "private": "eyJlMmJmYjczMC1lY2FhLTExZTYtOGY4OC0zNDM2M2JjN2M0YzAiOnsiY3JlYXRlIjoyNDAwMDAwMDAwMDAsImRlbGV0ZSI6MjQwMDAwMDAwMDAwLCJ1cGRhdGUiOjI0MDAwMDAwMDAwMH19",
          "dependencies": [
            "data.archive_file.function_zip",
            "google_storage_bucket.function_bucket"
          ]
        }
      ]
    }
  ],
  "check_results": null
}
